
Microsoft Visual Studio Solution File, Format Version 12.00
# Visual Studio 14
VisualStudioVersion = 14.0.25420.1
MinimumVisualStudioVersion = 10.0.40219.1
Project("{FAE04EC0-301F-11D3-BF4B-00C04F79EFBC}") = "IndexTest", "IndexTest\IndexTest.csproj", "{94DA56D2-C5EF-4EF8-99A3-896831A3171A}"
EndProject
Project("{FAE04EC0-301F-11D3-BF4B-00C04F79EFBC}") = "TravelService", "TravelService\TravelService.csproj", "{578065EB-FC2A-4939-8490-382CDCB4DE2C}"
EndProject
Project("{FAE04EC0-301F-11D3-BF4B-00C04F79EFBC}") = "TravelServiceHost", "TravelServiceHost\TravelServiceHost.csproj", "{B890AA88-4E1D-4AA3-89AD-847B03D01870}"
EndProject
Project("{FAE04EC0-301F-11D3-BF4B-00C04F79EFBC}") = "TravelServiceIIS", "TravelServiceIIS\TravelServiceIIS.csproj", "{625311D6-D6B9-47FA-85B0-8689B5C7577C}"
EndProject
Project("{FAE04EC0-301F-11D3-BF4B-00C04F79EFBC}") = "MedmarDBDiagram", "MedmarDBDiagram\MedmarDBDiagram.csproj", "{EA676CA8-7D17-4C99-83D4-4D09E30B0220}"
EndProject
Project("{FAE04EC0-301F-11D3-BF4B-00C04F79EFBC}") = "TestingWCF", "TestingWCF\TestingWCF\TestingWCF.csproj", "{3C83F5E0-4F64-46A7-8778-30DE691B3F31}"
EndProject
Global
	GlobalSection(SolutionConfigurationPlatforms) = preSolution
		Debug|Any CPU = Debug|Any CPU
		Release|Any CPU = Release|Any CPU
	EndGlobalSection
	GlobalSection(ProjectConfigurationPlatforms) = postSolution
		{94DA56D2-C5EF-4EF8-99A3-896831A3171A}.Debug|Any CPU.ActiveCfg = Debug|Any CPU
		{94DA56D2-C5EF-4EF8-99A3-896831A3171A}.Debug|Any CPU.Build.0 = Debug|Any CPU
		{94DA56D2-C5EF-4EF8-99A3-896831A3171A}.Release|Any CPU.ActiveCfg = Release|Any CPU
		{94DA56D2-C5EF-4EF8-99A3-896831A3171A}.Release|Any CPU.Build.0 = Release|Any CPU
		{578065EB-FC2A-4939-8490-382CDCB4DE2C}.Debug|Any CPU.ActiveCfg = Debug|Any CPU
		{578065EB-FC2A-4939-8490-382CDCB4DE2C}.Debug|Any CPU.Build.0 = Debug|Any CPU
		{578065EB-FC2A-4939-8490-382CDCB4DE2C}.Release|Any CPU.ActiveCfg = Release|Any CPU
		{578065EB-FC2A-4939-8490-382CDCB4DE2C}.Release|Any CPU.Build.0 = Release|Any CPU
		{B890AA88-4E1D-4AA3-89AD-847B03D01870}.Debug|Any CPU.ActiveCfg = Debug|Any CPU
		{B890AA88-4E1D-4AA3-89AD-847B03D01870}.Debug|Any CPU.Build.0 = Debug|Any CPU
		{B890AA88-4E1D-4AA3-89AD-847B03D01870}.Release|Any CPU.ActiveCfg = Release|Any CPU
		{B890AA88-4E1D-4AA3-89AD-847B03D01870}.Release|Any CPU.Build.0 = Release|Any CPU
		{625311D6-D6B9-47FA-85B0-8689B5C7577C}.Debug|Any CPU.ActiveCfg = Debug|Any CPU
		{625311D6-D6B9-47FA-85B0-8689B5C7577C}.Debug|Any CPU.Build.0 = Debug|Any CPU
		{625311D6-D6B9-47FA-85B0-8689B5C7577C}.Release|Any CPU.ActiveCfg = Release|Any CPU
		{625311D6-D6B9-47FA-85B0-8689B5C7577C}.Release|Any CPU.Build.0 = Release|Any CPU
		{EA676CA8-7D17-4C99-83D4-4D09E30B0220}.Debug|Any CPU.ActiveCfg = Debug|Any CPU
		{EA676CA8-7D17-4C99-83D4-4D09E30B0220}.Debug|Any CPU.Build.0 = Debug|Any CPU
		{EA676CA8-7D17-4C99-83D4-4D09E30B0220}.Release|Any CPU.ActiveCfg = Release|Any CPU
		{EA676CA8-7D17-4C99-83D4-4D09E30B0220}.Release|Any CPU.Build.0 = Release|Any CPU
		{3C83F5E0-4F64-46A7-8778-30DE691B3F31}.Debug|Any CPU.ActiveCfg = Debug|Any CPU
		{3C83F5E0-4F64-46A7-8778-30DE691B3F31}.Debug|Any CPU.Build.0 = Debug|Any CPU
		{3C83F5E0-4F64-46A7-8778-30DE691B3F31}.Release|Any CPU.ActiveCfg = Release|Any CPU
		{3C83F5E0-4F64-46A7-8778-30DE691B3F31}.Release|Any CPU.Build.0 = Release|Any CPU
	EndGlobalSection
	GlobalSection(SolutionProperties) = preSolution
		HideSolutionNode = FALSE
	EndGlobalSection
EndGlobal
